# This file is autogenerated, do not edit; changes may be undone by the next 'dep ensure'.


[[projects]]
  name = "github.com/heptio/workgroup"
  packages = ["."]
  revision = "905fccf41a08323fdad6a1bd277290fdc54d92c3"
  version = "v0.8.0-beta.1"

[[projects]]
  branch = "master"
  name = "golang.org/x/crypto"
  packages = [
    "ed25519",
    "ed25519/internal/edwards25519"
  ]
  revision = "0c41d7ab0a0ee717d4590a44bcb987dfd9e183eb"

[solve-meta]
  analyzer-name = "dep"
  analyzer-version = 1
  inputs-digest = "1f33362b9e714454486559112298d9e7fb34ee074ff62e4ecd28b898a84665a9"
  solver-name = "gps-cdcl"
  solver-version = 1
